{
  "version": 4,
  "terraform_version": "1.15.5",
  "serial": 25,
  "lineage": "c8cfb8bb-371f-c0ca-9c8b-5b75a39c6d20",
  "outputs": {
    "ip_privada_backend": {
      "value": "10.0.2.159",
      "type": "string"
    },
    "ip_publica_frontend": {
      "value": "52.55.242.148",
      "type": "string"
    },
    "ssh_backend_via_frontend": {
      "value": "ssh -i clave-ep2.pem -J ec2-user@52.55.242.148 ec2-user@10.0.2.159",
      "type": "string"
    },
    "ssh_frontend": {
      "value": "ssh -i clave-ep2.pem ec2-user@52.55.242.148",
      "type": "string"
    },
    "url_frontend": {
      "value": "http://52.55.242.148",
      "type": "string"
    },
    "vpc_id": {
      "value": "vpc-025f5c1b9f6fc915e",
      "type": "string"
    }
  },
  "resources": [
    {
      "mode": "managed",
      "type": "aws_eip",
      "name": "eip_frontend",
      "provider": "provider[\"registry.terraform.io/hashicorp/aws\"]",
      "instances": [
        {
          "schema_version": 0,
          "attributes": {
            "address": null,
            "allocation_id": "eipalloc-009a21a9a37dbccf3",
            "arn": "arn:aws:ec2:us-east-1:910597804161:elastic-ip/eipalloc-009a21a9a37dbccf3",
            "associate_with_private_ip": null,
            "association_id": "eipassoc-07226b48e579064f3",
            "carrier_ip": "",
            "customer_owned_ip": "",
            "customer_owned_ipv4_pool": "",
            "domain": "vpc",
            "id": "eipalloc-009a21a9a37dbccf3",
            "instance": "i-01ba6c4d2a88874dc",
            "ipam_pool_id": null,
            "network_border_group": "us-east-1",
            "network_interface": "eni-09e81c89e2dd8852f",
            "private_dns": "ip-10-0-1-135.ec2.internal",
            "private_ip": "10.0.1.135",
            "ptr_record": "",
            "public_dns": "ec2-52-55-242-148.compute-1.amazonaws.com",
            "public_ip": "52.55.242.148",
            "public_ipv4_pool": "amazon",
            "tags": {
              "Name": "eip-frontend-innovatech"
            },
            "tags_all": {
              "Name": "eip-frontend-innovatech"
            },
            "timeouts": null,
            "vpc": true
          },
          "sensitive_attributes": [],
          "identity_schema_version": 0,
          "private": "eyJlMmJmYjczMC1lY2FhLTExZTYtOGY4OC0zNDM2M2JjN2M0YzAiOnsiZGVsZXRlIjoxODAwMDAwMDAwMDAsInJlYWQiOjkwMDAwMDAwMDAwMCwidXBkYXRlIjozMDAwMDAwMDAwMDB9fQ==",
          "dependencies": [
            "aws_instance.ec2_frontend",
            "aws_key_pair.key_pair",
            "aws_security_group.sg_frontend",
            "aws_subnet.subred_publica",
            "aws_vpc.vpc_innovatech",
            "tls_private_key.clave_ssh"
          ]
        }
      ]
    },
    {
      "mode": "managed",
      "type": "aws_eip",
      "name": "eip_nat",
      "provider": "provider[\"registry.terraform.io/hashicorp/aws\"]",
      "instances": [
        {
          "schema_version": 0,
          "attributes": {
            "address": null,
            "allocation_id": "eipalloc-0e8ae342fb7b4052f",
            "arn": "arn:aws:ec2:us-east-1:910597804161:elastic-ip/eipalloc-0e8ae342fb7b4052f",
            "associate_with_private_ip": null,
            "association_id": "eipassoc-04011b69f9088af36",
            "carrier_ip": "",
            "customer_owned_ip": "",
            "customer_owned_ipv4_pool": "",
            "domain": "vpc",
            "id": "eipalloc-0e8ae342fb7b4052f",
            "instance": "",
            "ipam_pool_id": null,
            "network_border_group": "us-east-1",
            "network_interface": "eni-07e5fdf391128e602",
            "private_dns": "ip-10-0-1-230.ec2.internal",
            "private_ip": "10.0.1.230",
            "ptr_record": "",
            "public_dns": "ec2-44-194-41-50.compute-1.amazonaws.com",
            "public_ip": "44.194.41.50",
            "public_ipv4_pool": "amazon",
            "tags": {
              "Name": "eip-nat-innovatech"
            },
            "tags_all": {
              "Name": "eip-nat-innovatech"
            },
            "timeouts": null,
            "vpc": true
          },
          "sensitive_attributes": [],
          "identity_schema_version": 0,
          "private": "eyJlMmJmYjczMC1lY2FhLTExZTYtOGY4OC0zNDM2M2JjN2M0YzAiOnsiZGVsZXRlIjoxODAwMDAwMDAwMDAsInJlYWQiOjkwMDAwMDAwMDAwMCwidXBkYXRlIjozMDAwMDAwMDAwMDB9fQ=="
        }
      ]
    },
    {
      "mode": "managed",
      "type": "aws_instance",
      "name": "ec2_backend",
      "provider": "provider[\"registry.terraform.io/hashicorp/aws\"]",
      "instances": [
        {
          "schema_version": 1,
          "attributes": {
            "ami": "ami-00e801948462f718a",
            "arn": "arn:aws:ec2:us-east-1:910597804161:instance/i-09360bbff5da9ad2c",
            "associate_public_ip_address": false,
            "availability_zone": "us-east-1a",
            "capacity_reservation_specification": [
              {
                "capacity_reservation_preference": "open",
                "capacity_reservation_target": []
              }
            ],
            "cpu_core_count": 1,
            "cpu_options": [
              {
                "amd_sev_snp": "",
                "core_count": 1,
                "threads_per_core": 2
              }
            ],
            "cpu_threads_per_core": 2,
            "credit_specification": [
              {
                "cpu_credits": "unlimited"
              }
            ],
            "disable_api_stop": false,
            "disable_api_termination": false,
            "ebs_block_device": [],
            "ebs_optimized": false,
            "enable_primary_ipv6": null,
            "enclave_options": [
              {
                "enabled": false
              }
            ],
            "ephemeral_block_device": [],
            "get_password_data": false,
            "hibernation": false,
            "host_id": "",
            "host_resource_group_arn": null,
            "iam_instance_profile": "",
            "id": "i-09360bbff5da9ad2c",
            "instance_initiated_shutdown_behavior": "stop",
            "instance_lifecycle": "",
            "instance_market_options": [],
            "instance_state": "running",
            "instance_type": "t3.micro",
            "ipv6_address_count": 0,
            "ipv6_addresses": [],
            "key_name": "clave-ep2-innovatech",
            "launch_template": [],
            "maintenance_options": [
              {
                "auto_recovery": "default"
              }
            ],
            "metadata_options": [
              {
                "http_endpoint": "enabled",
                "http_protocol_ipv6": "disabled",
                "http_put_response_hop_limit": 2,
                "http_tokens": "required",
                "instance_metadata_tags": "disabled"
              }
            ],
            "monitoring": false,
            "network_interface": [],
            "outpost_arn": "",
            "password_data": "",
            "placement_group": "",
            "placement_partition_number": 0,
            "primary_network_interface_id": "eni-0da7f0050cd2a2ba2",
            "private_dns": "ip-10-0-2-159.ec2.internal",
            "private_dns_name_options": [
              {
                "enable_resource_name_dns_a_record": false,
                "enable_resource_name_dns_aaaa_record": false,
                "hostname_type": "ip-name"
              }
            ],
            "private_ip": "10.0.2.159",
            "public_dns": "",
            "public_ip": "",
            "root_block_device": [
              {
                "delete_on_termination": true,
                "device_name": "/dev/xvda",
                "encrypted": false,
                "iops": 3000,
                "kms_key_id": "",
                "tags": {},
                "tags_all": {},
                "throughput": 125,
                "volume_id": "vol-056165a05ac878744",
                "volume_size": 8,
                "volume_type": "gp3"
              }
            ],
            "secondary_private_ips": [],
            "security_groups": [],
            "source_dest_check": true,
            "spot_instance_request_id": "",
            "subnet_id": "subnet-0d89c266bcba3fd22",
            "tags": {
              "Name": "ec2-backend-innovatech"
            },
            "tags_all": {
              "Name": "ec2-backend-innovatech"
            },
            "tenancy": "default",
            "timeouts": null,
            "user_data": "29df15886f427fbf232bcadf0ddfa079d4b7924f",
            "user_data_base64": null,
            "user_data_replace_on_change": false,
            "volume_tags": null,
            "vpc_security_group_ids": [
              "sg-0d6a9a541d0672399"
            ]
          },
          "sensitive_attributes": [],
          "identity_schema_version": 0,
          "private": "eyJlMmJmYjczMC1lY2FhLTExZTYtOGY4OC0zNDM2M2JjN2M0YzAiOnsiY3JlYXRlIjo2MDAwMDAwMDAwMDAsImRlbGV0ZSI6MTIwMDAwMDAwMDAwMCwicmVhZCI6OTAwMDAwMDAwMDAwLCJ1cGRhdGUiOjYwMDAwMDAwMDAwMH0sInNjaGVtYV92ZXJzaW9uIjoiMSJ9",
          "dependencies": [
            "aws_key_pair.key_pair",
            "aws_security_group.sg_backend",
            "aws_security_group.sg_frontend",
            "aws_subnet.subred_privada",
            "aws_vpc.vpc_innovatech",
            "tls_private_key.clave_ssh"
          ]
        }
      ]
    },
    {
      "mode": "managed",
      "type": "aws_instance",
      "name": "ec2_frontend",
      "provider": "provider[\"registry.terraform.io/hashicorp/aws\"]",
      "instances": [
        {
          "schema_version": 1,
          "attributes": {
            "ami": "ami-00e801948462f718a",
            "arn": "arn:aws:ec2:us-east-1:910597804161:instance/i-01ba6c4d2a88874dc",
            "associate_public_ip_address": true,
            "availability_zone": "us-east-1a",
            "capacity_reservation_specification": [
              {
                "capacity_reservation_preference": "open",
                "capacity_reservation_target": []
              }
            ],
            "cpu_core_count": 1,
            "cpu_options": [
              {
                "amd_sev_snp": "",
                "core_count": 1,
                "threads_per_core": 2
              }
            ],
            "cpu_threads_per_core": 2,
            "credit_specification": [
              {
                "cpu_credits": "unlimited"
              }
            ],
            "disable_api_stop": false,
            "disable_api_termination": false,
            "ebs_block_device": [],
            "ebs_optimized": false,
            "enable_primary_ipv6": null,
            "enclave_options": [
              {
                "enabled": false
              }
            ],
            "ephemeral_block_device": [],
            "get_password_data": false,
            "hibernation": false,
            "host_id": "",
            "host_resource_group_arn": null,
            "iam_instance_profile": "",
            "id": "i-01ba6c4d2a88874dc",
            "instance_initiated_shutdown_behavior": "stop",
            "instance_lifecycle": "",
            "instance_market_options": [],
            "instance_state": "running",
            "instance_type": "t3.micro",
            "ipv6_address_count": 0,
            "ipv6_addresses": [],
            "key_name": "clave-ep2-innovatech",
            "launch_template": [],
            "maintenance_options": [
              {
                "auto_recovery": "default"
              }
            ],
            "metadata_options": [
              {
                "http_endpoint": "enabled",
                "http_protocol_ipv6": "disabled",
                "http_put_response_hop_limit": 2,
                "http_tokens": "required",
                "instance_metadata_tags": "disabled"
              }
            ],
            "monitoring": false,
            "network_interface": [],
            "outpost_arn": "",
            "password_data": "",
            "placement_group": "",
            "placement_partition_number": 0,
            "primary_network_interface_id": "eni-09e81c89e2dd8852f",
            "private_dns": "ip-10-0-1-135.ec2.internal",
            "private_dns_name_options": [
              {
                "enable_resource_name_dns_a_record": false,
                "enable_resource_name_dns_aaaa_record": false,
                "hostname_type": "ip-name"
              }
            ],
            "private_ip": "10.0.1.135",
            "public_dns": "ec2-98-94-84-111.compute-1.amazonaws.com",
            "public_ip": "98.94.84.111",
            "root_block_device": [
              {
                "delete_on_termination": true,
                "device_name": "/dev/xvda",
                "encrypted": false,
                "iops": 3000,
                "kms_key_id": "",
                "tags": {},
                "tags_all": {},
                "throughput": 125,
                "volume_id": "vol-0d953fc367c2287a8",
                "volume_size": 8,
                "volume_type": "gp3"
              }
            ],
            "secondary_private_ips": [],
            "security_groups": [],
            "source_dest_check": true,
            "spot_instance_request_id": "",
            "subnet_id": "subnet-07cc6b5889f3d101a",
            "tags": {
              "Name": "ec2-frontend-innovatech"
            },
            "tags_all": {
              "Name": "ec2-frontend-innovatech"
            },
            "tenancy": "default",
            "timeouts": null,
            "user_data": "c182090e3fa03a66cfbaa78d595b716ae001b5c9",
            "user_data_base64": null,
            "user_data_replace_on_change": false,
            "volume_tags": null,
            "vpc_security_group_ids": [
              "sg-080a7d31b6fa6edd5"
            ]
          },
          "sensitive_attributes": [],
          "identity_schema_version": 0,
          "private": "eyJlMmJmYjczMC1lY2FhLTExZTYtOGY4OC0zNDM2M2JjN2M0YzAiOnsiY3JlYXRlIjo2MDAwMDAwMDAwMDAsImRlbGV0ZSI6MTIwMDAwMDAwMDAwMCwicmVhZCI6OTAwMDAwMDAwMDAwLCJ1cGRhdGUiOjYwMDAwMDAwMDAwMH0sInNjaGVtYV92ZXJzaW9uIjoiMSJ9",
          "dependencies": [
            "aws_key_pair.key_pair",
            "aws_security_group.sg_frontend",
            "aws_subnet.subred_publica",
            "aws_vpc.vpc_innovatech",
            "tls_private_key.clave_ssh"
          ]
        }
      ]
    },
    {
      "mode": "managed",
      "type": "aws_internet_gateway",
      "name": "igw",
      "provider": "provider[\"registry.terraform.io/hashicorp/aws\"]",
      "instances": [
        {
          "schema_version": 0,
          "attributes": {
            "arn": "arn:aws:ec2:us-east-1:910597804161:internet-gateway/igw-0d8a8aba013b551db",
            "id": "igw-0d8a8aba013b551db",
            "owner_id": "910597804161",
            "tags": {
              "Name": "igw-innovatech"
            },
            "tags_all": {
              "Name": "igw-innovatech"
            },
            "timeouts": null,
            "vpc_id": "vpc-025f5c1b9f6fc915e"
          },
          "sensitive_attributes": [],
          "identity_schema_version": 0,
          "private": "eyJlMmJmYjczMC1lY2FhLTExZTYtOGY4OC0zNDM2M2JjN2M0YzAiOnsiY3JlYXRlIjoxMjAwMDAwMDAwMDAwLCJkZWxldGUiOjEyMDAwMDAwMDAwMDAsInVwZGF0ZSI6MTIwMDAwMDAwMDAwMH19",
          "dependencies": [
            "aws_vpc.vpc_innovatech"
          ]
        }
      ]
    },
    {
      "mode": "managed",
      "type": "aws_key_pair",
      "name": "key_pair",
      "provider": "provider[\"registry.terraform.io/hashicorp/aws\"]",
      "instances": [
        {
          "schema_version": 1,
          "attributes": {
            "arn": "arn:aws:ec2:us-east-1:910597804161:key-pair/clave-ep2-innovatech",
            "fingerprint": "85:7a:4d:21:fa:52:df:b4:24:c9:43:ed:88:d4:b1:e8",
            "id": "clave-ep2-innovatech",
            "key_name": "clave-ep2-innovatech",
            "key_name_prefix": "",
            "key_pair_id": "key-0e77012185ff9a9ab",
            "key_type": "rsa",
            "public_key": "ssh-rsa AAAAB3NzaC1yc2EAAAADAQABAAACAQDEar4rf75z1HXo3wQWSyRLm2tNYOSSX3JxO68hOnk/vfg+u7lZbVsFhB99iGDwI/ELHPnJVd8mRoaOZWvligkQFIBwaYbEPBsJuqdkGNmuwhNxYSwwXtOaGImGi5Lpw8U6hULpOUAiPmz/aQW9zz9Wu03e9YVYBf8RG5cgLWn+SXTIOYRNKCOFKbSPzWZENPTqWj4GsnDjw+b8nu+eKCI3BNCQYNTJVUqB4+HIhlf00SH4Gnxxn2Mp6QfSwWpuai6nBAuY9LuEQwbR9Z1wwJb9Py6NGc9b0zvH903gJjzZ40wmk3eRXXd9QNnjmv9SuQ/P9cvPaicKLmAkAKVzSha8Zb1lr95a23LA04vLPw4lvBLtDNUPAiBImvnd3f8HMZCXVZ6ekO6zVPsConFviIleTJa8QM+qL5b3BXqaNzwinkB39yquHoLfZJeKWfcHSEIwvghvaDEt6hvd+/6BPnYwDgHZm5VVRtuk8KueXIDwCxOjN2yHEXj0U8yIA89kgInAuRs0Gkw96dC05BY9qN7Q3i+sQfq9uMohPfP9Eo6dVqdPwIvxHCkNXZ0CryT1kOh8yfYpzWzzDMtzyUaI4FNtDHdda0C/rLn0ZcaXUhI//eJqzGAZ11Nn8Bky00Co9fHZ2kRwtzrWEVS6OYrFyTVnrGPNEXfTUANhrvQCAqqpAQ==",
            "tags": {},
            "tags_all": {}
          },
          "sensitive_attributes": [],
          "identity_schema_version": 0,
          "private": "eyJzY2hlbWFfdmVyc2lvbiI6IjEifQ==",
          "dependencies": [
            "tls_private_key.clave_ssh"
          ]
        }
      ]
    },
    {
      "mode": "managed",
      "type": "aws_nat_gateway",
      "name": "nat_gw",
      "provider": "provider[\"registry.terraform.io/hashicorp/aws\"]",
      "instances": [
        {
          "schema_version": 0,
          "attributes": {
            "allocation_id": "eipalloc-0e8ae342fb7b4052f",
            "association_id": "eipassoc-04011b69f9088af36",
            "connectivity_type": "public",
            "id": "nat-0ad079f8018e24f89",
            "network_interface_id": "eni-07e5fdf391128e602",
            "private_ip": "10.0.1.230",
            "public_ip": "44.194.41.50",
            "secondary_allocation_ids": [],
            "secondary_private_ip_address_count": 0,
            "secondary_private_ip_addresses": [],
            "subnet_id": "subnet-07cc6b5889f3d101a",
            "tags": {
              "Name": "nat-gw-innovatech"
            },
            "tags_all": {
              "Name": "nat-gw-innovatech"
            },
            "timeouts": null
          },
          "sensitive_attributes": [],
          "identity_schema_version": 0,
          "private": "eyJlMmJmYjczMC1lY2FhLTExZTYtOGY4OC0zNDM2M2JjN2M0YzAiOnsiY3JlYXRlIjo2MDAwMDAwMDAwMDAsImRlbGV0ZSI6MTgwMDAwMDAwMDAwMCwidXBkYXRlIjo2MDAwMDAwMDAwMDB9fQ==",
          "dependencies": [
            "aws_eip.eip_nat",
            "aws_internet_gateway.igw",
            "aws_subnet.subred_publica",
            "aws_vpc.vpc_innovatech"
          ]
        }
      ]
    },
    {
      "mode": "managed",
      "type": "aws_route_table",
      "name": "rt_privada",
      "provider": "provider[\"registry.terraform.io/hashicorp/aws\"]",
      "instances": [
        {
          "schema_version": 0,
          "attributes": {
            "arn": "arn:aws:ec2:us-east-1:910597804161:route-table/rtb-0ff9039c733c18f6d",
            "id": "rtb-0ff9039c733c18f6d",
            "owner_id": "910597804161",
            "propagating_vgws": [],
            "route": [
              {
                "carrier_gateway_id": "",
                "cidr_block": "0.0.0.0/0",
                "core_network_arn": "",
                "destination_prefix_list_id": "",
                "egress_only_gateway_id": "",
                "gateway_id": "",
                "ipv6_cidr_block": "",
                "local_gateway_id": "",
                "nat_gateway_id": "nat-0ad079f8018e24f89",
                "network_interface_id": "",
                "transit_gateway_id": "",
                "vpc_endpoint_id": "",
                "vpc_peering_connection_id": ""
              }
            ],
            "tags": {
              "Name": "rt-privada"
            },
            "tags_all": {
              "Name": "rt-privada"
            },
            "timeouts": null,
            "vpc_id": "vpc-025f5c1b9f6fc915e"
          },
          "sensitive_attributes": [],
          "identity_schema_version": 0,
          "private": "eyJlMmJmYjczMC1lY2FhLTExZTYtOGY4OC0zNDM2M2JjN2M0YzAiOnsiY3JlYXRlIjozMDAwMDAwMDAwMDAsImRlbGV0ZSI6MzAwMDAwMDAwMDAwLCJ1cGRhdGUiOjEyMDAwMDAwMDAwMH19",
          "dependencies": [
            "aws_eip.eip_nat",
            "aws_internet_gateway.igw",
            "aws_nat_gateway.nat_gw",
            "aws_subnet.subred_publica",
            "aws_vpc.vpc_innovatech"
          ]
        }
      ]
    },
    {
      "mode": "managed",
      "type": "aws_route_table",
      "name": "rt_publica",
      "provider": "provider[\"registry.terraform.io/hashicorp/aws\"]",
      "instances": [
        {
          "schema_version": 0,
          "attributes": {
            "arn": "arn:aws:ec2:us-east-1:910597804161:route-table/rtb-0c84cfc3479b98b00",
            "id": "rtb-0c84cfc3479b98b00",
            "owner_id": "910597804161",
            "propagating_vgws": [],
            "route": [
              {
                "carrier_gateway_id": "",
                "cidr_block": "0.0.0.0/0",
                "core_network_arn": "",
                "destination_prefix_list_id": "",
                "egress_only_gateway_id": "",
                "gateway_id": "igw-0d8a8aba013b551db",
                "ipv6_cidr_block": "",
                "local_gateway_id": "",
                "nat_gateway_id": "",
                "network_interface_id": "",
                "transit_gateway_id": "",
                "vpc_endpoint_id": "",
                "vpc_peering_connection_id": ""
              }
            ],
            "tags": {
              "Name": "rt-publica"
            },
            "tags_all": {
              "Name": "rt-publica"
            },
            "timeouts": null,
            "vpc_id": "vpc-025f5c1b9f6fc915e"
          },
          "sensitive_attributes": [],
          "identity_schema_version": 0,
          "private": "eyJlMmJmYjczMC1lY2FhLTExZTYtOGY4OC0zNDM2M2JjN2M0YzAiOnsiY3JlYXRlIjozMDAwMDAwMDAwMDAsImRlbGV0ZSI6MzAwMDAwMDAwMDAwLCJ1cGRhdGUiOjEyMDAwMDAwMDAwMH19",
          "dependencies": [
            "aws_internet_gateway.igw",
            "aws_vpc.vpc_innovatech"
          ]
        }
      ]
    },
    {
      "mode": "managed",
      "type": "aws_route_table_association",
      "name": "backend_assoc",
      "provider": "provider[\"registry.terraform.io/hashicorp/aws\"]",
      "instances": [
        {
          "schema_version": 0,
          "attributes": {
            "gateway_id": "",
            "id": "rtbassoc-0d3155d606a3fd201",
            "route_table_id": "rtb-0ff9039c733c18f6d",
            "subnet_id": "subnet-0d89c266bcba3fd22",
            "timeouts": null
          },
          "sensitive_attributes": [],
          "identity_schema_version": 0,
          "private": "eyJlMmJmYjczMC1lY2FhLTExZTYtOGY4OC0zNDM2M2JjN2M0YzAiOnsiY3JlYXRlIjozMDAwMDAwMDAwMDAsImRlbGV0ZSI6MzAwMDAwMDAwMDAwLCJ1cGRhdGUiOjEyMDAwMDAwMDAwMH19",
          "dependencies": [
            "aws_eip.eip_nat",
            "aws_internet_gateway.igw",
            "aws_nat_gateway.nat_gw",
            "aws_route_table.rt_privada",
            "aws_subnet.subred_privada",
            "aws_subnet.subred_publica",
            "aws_vpc.vpc_innovatech"
          ]
        }
      ]
    },
    {
      "mode": "managed",
      "type": "aws_route_table_association",
      "name": "frontend_assoc",
      "provider": "provider[\"registry.terraform.io/hashicorp/aws\"]",
      "instances": [
        {
          "schema_version": 0,
          "attributes": {
            "gateway_id": "",
            "id": "rtbassoc-0e13aad12fcc2abb2",
            "route_table_id": "rtb-0c84cfc3479b98b00",
            "subnet_id": "subnet-07cc6b5889f3d101a",
            "timeouts": null
          },
          "sensitive_attributes": [],
          "identity_schema_version": 0,
          "private": "eyJlMmJmYjczMC1lY2FhLTExZTYtOGY4OC0zNDM2M2JjN2M0YzAiOnsiY3JlYXRlIjozMDAwMDAwMDAwMDAsImRlbGV0ZSI6MzAwMDAwMDAwMDAwLCJ1cGRhdGUiOjEyMDAwMDAwMDAwMH19",
          "dependencies": [
            "aws_internet_gateway.igw",
            "aws_route_table.rt_publica",
            "aws_subnet.subred_publica",
            "aws_vpc.vpc_innovatech"
          ]
        }
      ]
    },
    {
      "mode": "managed",
      "type": "aws_security_group",
      "name": "sg_backend",
      "provider": "provider[\"registry.terraform.io/hashicorp/aws\"]",
      "instances": [
        {
          "schema_version": 1,
          "attributes": {
            "arn": "arn:aws:ec2:us-east-1:910597804161:security-group/sg-0d6a9a541d0672399",
            "description": "Trafico al Backend solo desde el Frontend",
            "egress": [
              {
                "cidr_blocks": [
                  "0.0.0.0/0"
                ],
                "description": "",
                "from_port": 0,
                "ipv6_cidr_blocks": [],
                "prefix_list_ids": [],
                "protocol": "-1",
                "security_groups": [],
                "self": false,
                "to_port": 0
              }
            ],
            "id": "sg-0d6a9a541d0672399",
            "ingress": [
              {
                "cidr_blocks": [],
                "description": "API Backend desde Frontend",
                "from_port": 8080,
                "ipv6_cidr_blocks": [],
                "prefix_list_ids": [],
                "protocol": "tcp",
                "security_groups": [
                  "sg-080a7d31b6fa6edd5"
                ],
                "self": false,
                "to_port": 8080
              },
              {
                "cidr_blocks": [],
                "description": "ICMP diagnostico",
                "from_port": -1,
                "ipv6_cidr_blocks": [],
                "prefix_list_ids": [],
                "protocol": "icmp",
                "security_groups": [
                  "sg-080a7d31b6fa6edd5"
                ],
                "self": false,
                "to_port": -1
              },
              {
                "cidr_blocks": [],
                "description": "SSH desde Frontend (Jump Host para CI/CD)",
                "from_port": 22,
                "ipv6_cidr_blocks": [],
                "prefix_list_ids": [],
                "protocol": "tcp",
                "security_groups": [
                  "sg-080a7d31b6fa6edd5"
                ],
                "self": false,
                "to_port": 22
              }
            ],
            "name": "backend-ep2-sg",
            "name_prefix": "",
            "owner_id": "910597804161",
            "revoke_rules_on_delete": false,
            "tags": {
              "Name": "sg-backend"
            },
            "tags_all": {
              "Name": "sg-backend"
            },
            "timeouts": null,
            "vpc_id": "vpc-025f5c1b9f6fc915e"
          },
          "sensitive_attributes": [],
          "identity_schema_version": 0,
          "private": "eyJlMmJmYjczMC1lY2FhLTExZTYtOGY4OC0zNDM2M2JjN2M0YzAiOnsiY3JlYXRlIjo2MDAwMDAwMDAwMDAsImRlbGV0ZSI6OTAwMDAwMDAwMDAwfSwic2NoZW1hX3ZlcnNpb24iOiIxIn0=",
          "dependencies": [
            "aws_security_group.sg_frontend",
            "aws_vpc.vpc_innovatech"
          ]
        }
      ]
    },
    {
      "mode": "managed",
      "type": "aws_security_group",
      "name": "sg_frontend",
      "provider": "provider[\"registry.terraform.io/hashicorp/aws\"]",
      "instances": [
        {
          "schema_version": 1,
          "attributes": {
            "arn": "arn:aws:ec2:us-east-1:910597804161:security-group/sg-080a7d31b6fa6edd5",
            "description": "Trafico web publico hacia el contenedor Frontend",
            "egress": [
              {
                "cidr_blocks": [
                  "0.0.0.0/0"
                ],
                "description": "",
                "from_port": 0,
                "ipv6_cidr_blocks": [],
                "prefix_list_ids": [],
                "protocol": "-1",
                "security_groups": [],
                "self": false,
                "to_port": 0
              }
            ],
            "id": "sg-080a7d31b6fa6edd5",
            "ingress": [
              {
                "cidr_blocks": [
                  "0.0.0.0/0"
                ],
                "description": "HTTP publico",
                "from_port": 80,
                "ipv6_cidr_blocks": [],
                "prefix_list_ids": [],
                "protocol": "tcp",
                "security_groups": [],
                "self": false,
                "to_port": 80
              },
              {
                "cidr_blocks": [
                  "0.0.0.0/0"
                ],
                "description": "HTTPS publico",
                "from_port": 443,
                "ipv6_cidr_blocks": [],
                "prefix_list_ids": [],
                "protocol": "tcp",
                "security_groups": [],
                "self": false,
                "to_port": 443
              },
              {
                "cidr_blocks": [
                  "0.0.0.0/0"
                ],
                "description": "SSH para deploy via GitHub Actions",
                "from_port": 22,
                "ipv6_cidr_blocks": [],
                "prefix_list_ids": [],
                "protocol": "tcp",
                "security_groups": [],
                "self": false,
                "to_port": 22
              }
            ],
            "name": "frontend-ep2-sg",
            "name_prefix": "",
            "owner_id": "910597804161",
            "revoke_rules_on_delete": false,
            "tags": {
              "Name": "sg-frontend"
            },
            "tags_all": {
              "Name": "sg-frontend"
            },
            "timeouts": null,
            "vpc_id": "vpc-025f5c1b9f6fc915e"
          },
          "sensitive_attributes": [],
          "identity_schema_version": 0,
          "private": "eyJlMmJmYjczMC1lY2FhLTExZTYtOGY4OC0zNDM2M2JjN2M0YzAiOnsiY3JlYXRlIjo2MDAwMDAwMDAwMDAsImRlbGV0ZSI6OTAwMDAwMDAwMDAwfSwic2NoZW1hX3ZlcnNpb24iOiIxIn0=",
          "dependencies": [
            "aws_vpc.vpc_innovatech"
          ]
        }
      ]
    },
    {
      "mode": "managed",
      "type": "aws_subnet",
      "name": "subred_privada",
      "provider": "provider[\"registry.terraform.io/hashicorp/aws\"]",
      "instances": [
        {
          "schema_version": 1,
          "attributes": {
            "arn": "arn:aws:ec2:us-east-1:910597804161:subnet/subnet-0d89c266bcba3fd22",
            "assign_ipv6_address_on_creation": false,
            "availability_zone": "us-east-1a",
            "availability_zone_id": "use1-az6",
            "cidr_block": "10.0.2.0/24",
            "customer_owned_ipv4_pool": "",
            "enable_dns64": false,
            "enable_lni_at_device_index": 0,
            "enable_resource_name_dns_a_record_on_launch": false,
            "enable_resource_name_dns_aaaa_record_on_launch": false,
            "id": "subnet-0d89c266bcba3fd22",
            "ipv6_cidr_block": "",
            "ipv6_cidr_block_association_id": "",
            "ipv6_native": false,
            "map_customer_owned_ip_on_launch": false,
            "map_public_ip_on_launch": false,
            "outpost_arn": "",
            "owner_id": "910597804161",
            "private_dns_hostname_type_on_launch": "ip-name",
            "tags": {
              "Name": "subred-privada-backend"
            },
            "tags_all": {
              "Name": "subred-privada-backend"
            },
            "timeouts": null,
            "vpc_id": "vpc-025f5c1b9f6fc915e"
          },
          "sensitive_attributes": [],
          "identity_schema_version": 0,
          "private": "eyJlMmJmYjczMC1lY2FhLTExZTYtOGY4OC0zNDM2M2JjN2M0YzAiOnsiY3JlYXRlIjo2MDAwMDAwMDAwMDAsImRlbGV0ZSI6MTIwMDAwMDAwMDAwMH0sInNjaGVtYV92ZXJzaW9uIjoiMSJ9",
          "dependencies": [
            "aws_vpc.vpc_innovatech"
          ]
        }
      ]
    },
    {
      "mode": "managed",
      "type": "aws_subnet",
      "name": "subred_publica",
      "provider": "provider[\"registry.terraform.io/hashicorp/aws\"]",
      "instances": [
        {
          "schema_version": 1,
          "attributes": {
            "arn": "arn:aws:ec2:us-east-1:910597804161:subnet/subnet-07cc6b5889f3d101a",
            "assign_ipv6_address_on_creation": false,
            "availability_zone": "us-east-1a",
            "availability_zone_id": "use1-az6",
            "cidr_block": "10.0.1.0/24",
            "customer_owned_ipv4_pool": "",
            "enable_dns64": false,
            "enable_lni_at_device_index": 0,
            "enable_resource_name_dns_a_record_on_launch": false,
            "enable_resource_name_dns_aaaa_record_on_launch": false,
            "id": "subnet-07cc6b5889f3d101a",
            "ipv6_cidr_block": "",
            "ipv6_cidr_block_association_id": "",
            "ipv6_native": false,
            "map_customer_owned_ip_on_launch": false,
            "map_public_ip_on_launch": true,
            "outpost_arn": "",
            "owner_id": "910597804161",
            "private_dns_hostname_type_on_launch": "ip-name",
            "tags": {
              "Name": "subred-publica-frontend"
            },
            "tags_all": {
              "Name": "subred-publica-frontend"
            },
            "timeouts": null,
            "vpc_id": "vpc-025f5c1b9f6fc915e"
          },
          "sensitive_attributes": [],
          "identity_schema_version": 0,
          "private": "eyJlMmJmYjczMC1lY2FhLTExZTYtOGY4OC0zNDM2M2JjN2M0YzAiOnsiY3JlYXRlIjo2MDAwMDAwMDAwMDAsImRlbGV0ZSI6MTIwMDAwMDAwMDAwMH0sInNjaGVtYV92ZXJzaW9uIjoiMSJ9",
          "dependencies": [
            "aws_vpc.vpc_innovatech"
          ]
        }
      ]
    },
    {
      "mode": "managed",
      "type": "aws_vpc",
      "name": "vpc_innovatech",
      "provider": "provider[\"registry.terraform.io/hashicorp/aws\"]",
      "instances": [
        {
          "schema_version": 1,
          "attributes": {
            "arn": "arn:aws:ec2:us-east-1:910597804161:vpc/vpc-025f5c1b9f6fc915e",
            "assign_generated_ipv6_cidr_block": false,
            "cidr_block": "10.0.0.0/16",
            "default_network_acl_id": "acl-0872fa6699152e29c",
            "default_route_table_id": "rtb-0137f9f173b936aa9",
            "default_security_group_id": "sg-0ebbdb0003c9c9203",
            "dhcp_options_id": "dopt-0e8f549e2aa467e10",
            "enable_dns_hostnames": true,
            "enable_dns_support": true,
            "enable_network_address_usage_metrics": false,
            "id": "vpc-025f5c1b9f6fc915e",
            "instance_tenancy": "default",
            "ipv4_ipam_pool_id": null,
            "ipv4_netmask_length": null,
            "ipv6_association_id": "",
            "ipv6_cidr_block": "",
            "ipv6_cidr_block_network_border_group": "",
            "ipv6_ipam_pool_id": "",
            "ipv6_netmask_length": 0,
            "main_route_table_id": "rtb-0137f9f173b936aa9",
            "owner_id": "910597804161",
            "tags": {
              "Name": "vpc-innovatech-ep2"
            },
            "tags_all": {
              "Name": "vpc-innovatech-ep2"
            }
          },
          "sensitive_attributes": [],
          "identity_schema_version": 0,
          "private": "eyJzY2hlbWFfdmVyc2lvbiI6IjEifQ=="
        }
      ]
    },
    {
      "mode": "managed",
      "type": "local_file",
      "name": "guardar_clave",
      "provider": "provider[\"registry.terraform.io/hashicorp/local\"]",
      "instances": [
        {
          "schema_version": 0,
          "attributes": {
            "content": "-----BEGIN RSA PRIVATE KEY-----\nMIIJKAIBAAKCAgEAxGq+K3++c9R16N8EFkskS5trTWDkkl9ycTuvITp5P734Pru5\nWW1bBYQffYhg8CPxCxz5yVXfJkaGjmVr5YoJEBSAcGmGxDwbCbqnZBjZrsITcWEs\nMF7TmhiJhouS6cPFOoVC6TlAIj5s/2kFvc8/VrtN3vWFWAX/ERuXIC1p/kl0yDmE\nTSgjhSm0j81mRDT06lo+BrJw48Pm/J7vnigiNwTQkGDUyVVKgePhyIZX9NEh+Bp8\ncZ9jKekH0sFqbmoupwQLmPS7hEMG0fWdcMCW/T8ujRnPW9M7x/dN4CY82eNMJpN3\nkV13fUDZ45r/UrkPz/XLz2onCi5gJAClc0oWvGW9Za/eWttywNOLyz8OJbwS7QzV\nDwIgSJr53d3/BzGQl1WenpDus1T7AqJxb4iJXkyWvEDPqi+W9wV6mjc8Ip5Ad/cq\nrh6C32SXiln3B0hCML4Ib2gxLeob3fv+gT52MA4B2ZuVVUbbpPCrnlyA8AsTozds\nhxF49FPMiAPPZICJwLkbNBpMPenQtOQWPaje0N4vrEH6vbjKIT3z/RKOnVanT8CL\n8RwpDV2dAq8k9ZDofMn2Kc1s8wzLc8lGiOBTbQx3XWtAv6y59GXGl1ISP/3iasxg\nGddTZ/AZMtNAqPXx2dpEcLc61hFUujmKxck1Z6xjzRF301ADYa70AgKqqQECAwEA\nAQKCAgAdcTG15AVop/OPt2RNsjBL3A1y0SAaF9AYDJ4FEVaM+T0trCaNsuB2vHYa\n81cyj/SpGYwQw7w6KM6xKB9LDkyq+iPBlfPjVO4poG7IiJgSw9k1wN7mlkRKQDzX\nK/NW8qdNDR45RwFn0Ks2guffKqKALf3veqalCesQxa2630vY1+p3O/XqueZPJu//\nsUaP2U9QFLxg9R0Kazpj6jAZaUMts51O0xD6Z/xN6ZqV3BtxoWqh3diDEKUE6n8n\ndqItUGHTW74gTKkSG5j5XoOd2+SWLAMel/yW81wt7pJgE+NBtvpaevbslZHcdtzi\nawC0RfTKk7ncCrm04zw6kVU7qaKsEfowh7YaEOxv4webfFOQyGUebsCHSGyuPFwq\nvbNLtqOscD1GXbYbPCqE2EUTm0gJsOA5HwbEhK4YduIR4afwk+50ibAHUG0QtHOF\np2mMF+6ty0gd3XHymLZOoeAhozOa9bAmZ7I3tn3CmX2ylDBUW9CVf1HD0KNKAme5\nKRkURLmlKkRXXL+71wQ8+ph/X3IrneTeRSKCazHpau/wWuaQAXBzz6/uR6dREV5x\n6XXqEjmywGhEREGFGRxe+g3m7GixFaFIO520J7/64MKwhy2Hb4S8unCdDd8OfSxE\nxg8SFuivot+3giYKxp9aXFFMe0FRFZ/1nVzCm9lCw7E00HFqVQKCAQEAz+6xr9qN\nDSq1pwDzg3ESW9DmTFnMkqsDEeI7Z5q/JrgPj8hiwdFWdRE0Mt/suXxEBKi+ZCvC\nYtTAjfa2bHSs9hvH8NW2lqkqDEHim5FrGwi3qRbwmY1kNN5J6qvRjDu9DVFUgAwM\ny8uIVXblyI/kLeXAnQyyBcfEjINwdPWpWmxGn3x4e+XuoIUfL1qWza9+RDzS7SqA\nYmmMPbHDlpSpCLeoQfWwcXTvSTHlQPmTXFF6F0HQlLTE3fswrRVfWPE0WIkSc7o+\ncgGgSX6hVMTQwREICGx6qkZerVCpIoW4gzrQSftu4NMj3biiHym1muZOysR4p42T\nt/XHEOyYJ0CHVQKCAQEA8dKSnuUa+SRx8I9+b5c8TZvJHKrRGs/bJ2YICDL0ExIK\njBB5MSuHBLp9KzyI6rjujkQUH3+O37URj5l/xUkIiXAmTDH0ygL4SNEfFytPCqtW\n9UvxfhbBAasfaJG0MHQF5dbOHd8z93N/4Q6A07YIqVRJ1uWQpH6fCkIjlR/i2vZf\nDzCNAmSnEtRMaXscOOLtnrLFeVq0SvK7j0adS6ojG1zXu6033PMs22goC6MlERIQ\nKVUakWKgAadQb1Szf4ltiUTLMb5XwdjT4s45US3psF+UE/ozsDRX/+ORukWhJMi0\nUnTyO0Qo4mYr4KqsRKWk8EQ9YB0NQEabEWuXfv1C/QKCAQEAuA3mVO4U6vHCR6is\n5M2C3aklIbJfRfiASCVERioRR9mnVLOgz0VYzVlEJkBWT72yi5k+pnaho1AFfeRD\nh+8jZtoieokCDYyB/sWXK/NlplFqGQ+IO7OPXsjhDwu1+farGo3CSXHhJcfszxHm\nxkiwRvxXKe0h68Hvth1mvvDxTmwHe4b3M1zNhGMxvn3mfPz5vLdGUc7MQ9B/5eBj\na/f9RA0lr/UlkNhcMyMqdgA1M4OfmdSVJ/x3QrLlXGBNvPINTs1OewgB3HKaClQ/\nxERPMIa94I79aZnOloWOoVNShz7ZPpOEixf6aHnVb9ZAvXNdjViqIE5O0oiJA+8Z\no60X3QKCAQBxb/01qnWPv+fvF/EQudog8d5So1K6CB1fCv7jkbtrIsBt2eBwD2Ij\n9rN2z8vOh/foJsllyTmleVQGj9QfINZvWnusrJaPGPuNdQPno3pNn/iH0xsyscvS\nU4rFS+xB+ns1ySEhZC4Fe1nWoi4OokrH2/FTbJcAgyFp94KnlrCdVItdHcJYCA1T\nyOEbbhPcH5+mHWiDN+hxbBJN8Ksi7mnPkSrmMCiPbkdxmReH9f0SV+3a5cAzyRcU\nD3+s6gfV4QrQJMRIzmhuV591upWqniYMhZl6EZmjo7pQIFmhDr67+aaVM6TZ5mxj\nX9hfaNCs1yNbTjeYWah4qWZesqD7giSlAoIBAGwLNUutWdPsk31wJO+uMjxkrTlz\nZvglVRk9CbS7LGYMeuvNDVzra3IAaOrwzcJbWhxWL+MUC8QQC1eIl5M5jElcmQVO\nTA9XawSBck09cVJ+DSkD29DZ3jtcjWgWJiw5aFVA0FpkBc24hRy6/P40RjSt9wQR\nRYPrB8Z6B9jCdTcyy54S2/wsaLV+CtTBXNwRGQepFFPhC8/KOvj2UKVlhfKAtizh\ni4AHdykATROZSzzpavDxROs63Ux/9mbCnc2TWgDcXGvAqInlUpCESeAdAg97CGOv\n4awVQtMfZX54RNJInExwtFyKm+VJSdrzObtE+2QE8aDxQlbJSVP+z+JL+DQ=\n-----END RSA PRIVATE KEY-----\n",
            "content_base64": null,
            "content_base64sha256": "68n/0dr3+yLtUKmTdg+1fwXD0k7DYz85o+agw/iAMzU=",
            "content_base64sha512": "GtQIAknmR4hK+VP9XpqSyxWeBzJ9cb7YXyFOJ5YiUWe/jKs65hpz98jZka1H0VE8GJUocK+awPs8rcdk9kFICQ==",
            "content_md5": "f12971fe101703f9ec08976faaa99567",
            "content_sha1": "a3fbfbae78e4ef29cae86229045a7c3ab6845642",
            "content_sha256": "ebc9ffd1daf7fb22ed50a993760fb57f05c3d24ec3633f39a3e6a0c3f8803335",
            "content_sha512": "1ad4080249e647884af953fd5e9a92cb159e07327d71bed85f214e2796225167bf8cab3ae61a73f7c8d991ad47d1513c18952870af9ac0fb3cadc764f6414809",
            "directory_permission": "0777",
            "file_permission": "0400",
            "filename": "./clave-ep2.pem",
            "id": "a3fbfbae78e4ef29cae86229045a7c3ab6845642",
            "sensitive_content": null,
            "source": null
          },
          "sensitive_attributes": [
            [
              {
                "type": "get_attr",
                "value": "content"
              }
            ],
            [
              {
                "type": "get_attr",
                "value": "sensitive_content"
              }
            ]
          ],
          "identity_schema_version": 0,
          "dependencies": [
            "tls_private_key.clave_ssh"
          ]
        }
      ]
    },
    {
      "mode": "managed",
      "type": "tls_private_key",
      "name": "clave_ssh",
      "provider": "provider[\"registry.terraform.io/hashicorp/tls\"]",
      "instances": [
        {
          "schema_version": 1,
          "attributes": {
            "algorithm": "RSA",
            "ecdsa_curve": "P224",
            "id": "a6fb0710388397e455d03291255663e68ca91e62",
            "private_key_openssh": "-----BEGIN OPENSSH PRIVATE KEY-----\nb3BlbnNzaC1rZXktdjEAAAAABG5vbmUAAAAEbm9uZQAAAAAAAAABAAACFwAAAAdz\nc2gtcnNhAAAAAwEAAQAAAgEAxGq+K3++c9R16N8EFkskS5trTWDkkl9ycTuvITp5\nP734Pru5WW1bBYQffYhg8CPxCxz5yVXfJkaGjmVr5YoJEBSAcGmGxDwbCbqnZBjZ\nrsITcWEsMF7TmhiJhouS6cPFOoVC6TlAIj5s/2kFvc8/VrtN3vWFWAX/ERuXIC1p\n/kl0yDmETSgjhSm0j81mRDT06lo+BrJw48Pm/J7vnigiNwTQkGDUyVVKgePhyIZX\n9NEh+Bp8cZ9jKekH0sFqbmoupwQLmPS7hEMG0fWdcMCW/T8ujRnPW9M7x/dN4CY8\n2eNMJpN3kV13fUDZ45r/UrkPz/XLz2onCi5gJAClc0oWvGW9Za/eWttywNOLyz8O\nJbwS7QzVDwIgSJr53d3/BzGQl1WenpDus1T7AqJxb4iJXkyWvEDPqi+W9wV6mjc8\nIp5Ad/cqrh6C32SXiln3B0hCML4Ib2gxLeob3fv+gT52MA4B2ZuVVUbbpPCrnlyA\n8AsTozdshxF49FPMiAPPZICJwLkbNBpMPenQtOQWPaje0N4vrEH6vbjKIT3z/RKO\nnVanT8CL8RwpDV2dAq8k9ZDofMn2Kc1s8wzLc8lGiOBTbQx3XWtAv6y59GXGl1IS\nP/3iasxgGddTZ/AZMtNAqPXx2dpEcLc61hFUujmKxck1Z6xjzRF301ADYa70AgKq\nqQEAAAc46RUP6ekVD+kAAAAHc3NoLXJzYQAAAgEAxGq+K3++c9R16N8EFkskS5tr\nTWDkkl9ycTuvITp5P734Pru5WW1bBYQffYhg8CPxCxz5yVXfJkaGjmVr5YoJEBSA\ncGmGxDwbCbqnZBjZrsITcWEsMF7TmhiJhouS6cPFOoVC6TlAIj5s/2kFvc8/VrtN\n3vWFWAX/ERuXIC1p/kl0yDmETSgjhSm0j81mRDT06lo+BrJw48Pm/J7vnigiNwTQ\nkGDUyVVKgePhyIZX9NEh+Bp8cZ9jKekH0sFqbmoupwQLmPS7hEMG0fWdcMCW/T8u\njRnPW9M7x/dN4CY82eNMJpN3kV13fUDZ45r/UrkPz/XLz2onCi5gJAClc0oWvGW9\nZa/eWttywNOLyz8OJbwS7QzVDwIgSJr53d3/BzGQl1WenpDus1T7AqJxb4iJXkyW\nvEDPqi+W9wV6mjc8Ip5Ad/cqrh6C32SXiln3B0hCML4Ib2gxLeob3fv+gT52MA4B\n2ZuVVUbbpPCrnlyA8AsTozdshxF49FPMiAPPZICJwLkbNBpMPenQtOQWPaje0N4v\nrEH6vbjKIT3z/RKOnVanT8CL8RwpDV2dAq8k9ZDofMn2Kc1s8wzLc8lGiOBTbQx3\nXWtAv6y59GXGl1ISP/3iasxgGddTZ/AZMtNAqPXx2dpEcLc61hFUujmKxck1Z6xj\nzRF301ADYa70AgKqqQEAAAADAQABAAACAB1xMbXkBWin84+3ZE2yMEvcDXLRIBoX\n0BgMngURVoz5PS2sJo2y4Ha8dhrzVzKP9KkZjBDDvDoozrEoH0sOTKr6I8GV8+NU\n7imgbsiImBLD2TXA3uaWREpAPNcr81byp00NHjlHAWfQqzaC598qooAt/e96pqUJ\n6xDFrbrfS9jX6nc79eq55k8m7/+xRo/ZT1AUvGD1HQprOmPqMBlpQy2znU7TEPpn\n/E3pmpXcG3GhaqHd2IMQpQTqfyd2oi1QYdNbviBMqRIbmPleg53b5JYsAx6X/Jbz\nXC3ukmAT40G2+lp69uyVkdx23OJrALRF9MqTudwKubTjPDqRVTupoqwR+jCHthoQ\n7G/jB5t8U5DIZR5uwIdIbK48XCq9s0u2o6xwPUZdths8KoTYRRObSAmw4DkfBsSE\nrhh24hHhp/CT7nSJsAdQbRC0c4WnaYwX7q3LSB3dcfKYtk6h4CGjM5r1sCZnsje2\nfcKZfbKUMFRb0JV/UcPQo0oCZ7kpGRREuaUqRFdcv7vXBDz6mH9fciud5N5FIoJr\nMelq7/Ba5pABcHPPr+5Hp1ERXnHpdeoSObLAaEREQYUZHF76DebsaLEVoUg7nbQn\nv/rgwrCHLYdvhLy6cJ0N3w59LETGDxIW6K+i37eCJgrGn1pcUUx7QVEVn/WdXMKb\n2ULDsTTQcWpVAAABAGwLNUutWdPsk31wJO+uMjxkrTlzZvglVRk9CbS7LGYMeuvN\nDVzra3IAaOrwzcJbWhxWL+MUC8QQC1eIl5M5jElcmQVOTA9XawSBck09cVJ+DSkD\n29DZ3jtcjWgWJiw5aFVA0FpkBc24hRy6/P40RjSt9wQRRYPrB8Z6B9jCdTcyy54S\n2/wsaLV+CtTBXNwRGQepFFPhC8/KOvj2UKVlhfKAtizhi4AHdykATROZSzzpavDx\nROs63Ux/9mbCnc2TWgDcXGvAqInlUpCESeAdAg97CGOv4awVQtMfZX54RNJInExw\ntFyKm+VJSdrzObtE+2QE8aDxQlbJSVP+z+JL+DQAAAEBAM/usa/ajQ0qtacA84Nx\nElvQ5kxZzJKrAxHiO2eavya4D4/IYsHRVnURNDLf7Ll8RASovmQrwmLUwI32tmx0\nrPYbx/DVtpapKgxB4puRaxsIt6kW8JmNZDTeSeqr0Yw7vQ1RVIAMDMvLiFV25ciP\n5C3lwJ0MsgXHxIyDcHT1qVpsRp98eHvl7qCFHy9als2vfkQ80u0qgGJpjD2xw5aU\nqQi3qEH1sHF070kx5UD5k1xRehdB0JS0xN37MK0VX1jxNFiJEnO6PnIBoEl+oVTE\n0MERCAhseqpGXq1QqSKFuIM60En7buDTI924oh8ptZrmTsrEeKeNk7f1xxDsmCdA\nh1UAAAEBAPHSkp7lGvkkcfCPfm+XPE2byRyq0RrP2ydmCAgy9BMSCowQeTErhwS6\nfSs8iOq47o5EFB9/jt+1EY+Zf8VJCIlwJkwx9MoC+EjRHxcrTwqrVvVL8X4WwQGr\nH2iRtDB0BeXWzh3fM/dzf+EOgNO2CKlUSdblkKR+nwpCI5Uf4tr2Xw8wjQJkpxLU\nTGl7HDji7Z6yxXlatEryu49GnUuqIxtc17utN9zzLNtoKAujJRESEClVGpFioAGn\nUG9Us3+JbYlEyzG+V8HY0+LOOVEt6bBflBP6M7A0V//jkbpFoSTItFJ08jtEKOJm\nK+CqrESlpPBEPWAdDUBGmxFrl379Qv0AAAAAAQID\n-----END OPENSSH PRIVATE KEY-----\n",
            "private_key_pem": "-----BEGIN RSA PRIVATE KEY-----\nMIIJKAIBAAKCAgEAxGq+K3++c9R16N8EFkskS5trTWDkkl9ycTuvITp5P734Pru5\nWW1bBYQffYhg8CPxCxz5yVXfJkaGjmVr5YoJEBSAcGmGxDwbCbqnZBjZrsITcWEs\nMF7TmhiJhouS6cPFOoVC6TlAIj5s/2kFvc8/VrtN3vWFWAX/ERuXIC1p/kl0yDmE\nTSgjhSm0j81mRDT06lo+BrJw48Pm/J7vnigiNwTQkGDUyVVKgePhyIZX9NEh+Bp8\ncZ9jKekH0sFqbmoupwQLmPS7hEMG0fWdcMCW/T8ujRnPW9M7x/dN4CY82eNMJpN3\nkV13fUDZ45r/UrkPz/XLz2onCi5gJAClc0oWvGW9Za/eWttywNOLyz8OJbwS7QzV\nDwIgSJr53d3/BzGQl1WenpDus1T7AqJxb4iJXkyWvEDPqi+W9wV6mjc8Ip5Ad/cq\nrh6C32SXiln3B0hCML4Ib2gxLeob3fv+gT52MA4B2ZuVVUbbpPCrnlyA8AsTozds\nhxF49FPMiAPPZICJwLkbNBpMPenQtOQWPaje0N4vrEH6vbjKIT3z/RKOnVanT8CL\n8RwpDV2dAq8k9ZDofMn2Kc1s8wzLc8lGiOBTbQx3XWtAv6y59GXGl1ISP/3iasxg\nGddTZ/AZMtNAqPXx2dpEcLc61hFUujmKxck1Z6xjzRF301ADYa70AgKqqQECAwEA\nAQKCAgAdcTG15AVop/OPt2RNsjBL3A1y0SAaF9AYDJ4FEVaM+T0trCaNsuB2vHYa\n81cyj/SpGYwQw7w6KM6xKB9LDkyq+iPBlfPjVO4poG7IiJgSw9k1wN7mlkRKQDzX\nK/NW8qdNDR45RwFn0Ks2guffKqKALf3veqalCesQxa2630vY1+p3O/XqueZPJu//\nsUaP2U9QFLxg9R0Kazpj6jAZaUMts51O0xD6Z/xN6ZqV3BtxoWqh3diDEKUE6n8n\ndqItUGHTW74gTKkSG5j5XoOd2+SWLAMel/yW81wt7pJgE+NBtvpaevbslZHcdtzi\nawC0RfTKk7ncCrm04zw6kVU7qaKsEfowh7YaEOxv4webfFOQyGUebsCHSGyuPFwq\nvbNLtqOscD1GXbYbPCqE2EUTm0gJsOA5HwbEhK4YduIR4afwk+50ibAHUG0QtHOF\np2mMF+6ty0gd3XHymLZOoeAhozOa9bAmZ7I3tn3CmX2ylDBUW9CVf1HD0KNKAme5\nKRkURLmlKkRXXL+71wQ8+ph/X3IrneTeRSKCazHpau/wWuaQAXBzz6/uR6dREV5x\n6XXqEjmywGhEREGFGRxe+g3m7GixFaFIO520J7/64MKwhy2Hb4S8unCdDd8OfSxE\nxg8SFuivot+3giYKxp9aXFFMe0FRFZ/1nVzCm9lCw7E00HFqVQKCAQEAz+6xr9qN\nDSq1pwDzg3ESW9DmTFnMkqsDEeI7Z5q/JrgPj8hiwdFWdRE0Mt/suXxEBKi+ZCvC\nYtTAjfa2bHSs9hvH8NW2lqkqDEHim5FrGwi3qRbwmY1kNN5J6qvRjDu9DVFUgAwM\ny8uIVXblyI/kLeXAnQyyBcfEjINwdPWpWmxGn3x4e+XuoIUfL1qWza9+RDzS7SqA\nYmmMPbHDlpSpCLeoQfWwcXTvSTHlQPmTXFF6F0HQlLTE3fswrRVfWPE0WIkSc7o+\ncgGgSX6hVMTQwREICGx6qkZerVCpIoW4gzrQSftu4NMj3biiHym1muZOysR4p42T\nt/XHEOyYJ0CHVQKCAQEA8dKSnuUa+SRx8I9+b5c8TZvJHKrRGs/bJ2YICDL0ExIK\njBB5MSuHBLp9KzyI6rjujkQUH3+O37URj5l/xUkIiXAmTDH0ygL4SNEfFytPCqtW\n9UvxfhbBAasfaJG0MHQF5dbOHd8z93N/4Q6A07YIqVRJ1uWQpH6fCkIjlR/i2vZf\nDzCNAmSnEtRMaXscOOLtnrLFeVq0SvK7j0adS6ojG1zXu6033PMs22goC6MlERIQ\nKVUakWKgAadQb1Szf4ltiUTLMb5XwdjT4s45US3psF+UE/ozsDRX/+ORukWhJMi0\nUnTyO0Qo4mYr4KqsRKWk8EQ9YB0NQEabEWuXfv1C/QKCAQEAuA3mVO4U6vHCR6is\n5M2C3aklIbJfRfiASCVERioRR9mnVLOgz0VYzVlEJkBWT72yi5k+pnaho1AFfeRD\nh+8jZtoieokCDYyB/sWXK/NlplFqGQ+IO7OPXsjhDwu1+farGo3CSXHhJcfszxHm\nxkiwRvxXKe0h68Hvth1mvvDxTmwHe4b3M1zNhGMxvn3mfPz5vLdGUc7MQ9B/5eBj\na/f9RA0lr/UlkNhcMyMqdgA1M4OfmdSVJ/x3QrLlXGBNvPINTs1OewgB3HKaClQ/\nxERPMIa94I79aZnOloWOoVNShz7ZPpOEixf6aHnVb9ZAvXNdjViqIE5O0oiJA+8Z\no60X3QKCAQBxb/01qnWPv+fvF/EQudog8d5So1K6CB1fCv7jkbtrIsBt2eBwD2Ij\n9rN2z8vOh/foJsllyTmleVQGj9QfINZvWnusrJaPGPuNdQPno3pNn/iH0xsyscvS\nU4rFS+xB+ns1ySEhZC4Fe1nWoi4OokrH2/FTbJcAgyFp94KnlrCdVItdHcJYCA1T\nyOEbbhPcH5+mHWiDN+hxbBJN8Ksi7mnPkSrmMCiPbkdxmReH9f0SV+3a5cAzyRcU\nD3+s6gfV4QrQJMRIzmhuV591upWqniYMhZl6EZmjo7pQIFmhDr67+aaVM6TZ5mxj\nX9hfaNCs1yNbTjeYWah4qWZesqD7giSlAoIBAGwLNUutWdPsk31wJO+uMjxkrTlz\nZvglVRk9CbS7LGYMeuvNDVzra3IAaOrwzcJbWhxWL+MUC8QQC1eIl5M5jElcmQVO\nTA9XawSBck09cVJ+DSkD29DZ3jtcjWgWJiw5aFVA0FpkBc24hRy6/P40RjSt9wQR\nRYPrB8Z6B9jCdTcyy54S2/wsaLV+CtTBXNwRGQepFFPhC8/KOvj2UKVlhfKAtizh\ni4AHdykATROZSzzpavDxROs63Ux/9mbCnc2TWgDcXGvAqInlUpCESeAdAg97CGOv\n4awVQtMfZX54RNJInExwtFyKm+VJSdrzObtE+2QE8aDxQlbJSVP+z+JL+DQ=\n-----END RSA PRIVATE KEY-----\n",
            "private_key_pem_pkcs8": "-----BEGIN PRIVATE KEY-----\nMIIJQgIBADANBgkqhkiG9w0BAQEFAASCCSwwggkoAgEAAoICAQDEar4rf75z1HXo\n3wQWSyRLm2tNYOSSX3JxO68hOnk/vfg+u7lZbVsFhB99iGDwI/ELHPnJVd8mRoaO\nZWvligkQFIBwaYbEPBsJuqdkGNmuwhNxYSwwXtOaGImGi5Lpw8U6hULpOUAiPmz/\naQW9zz9Wu03e9YVYBf8RG5cgLWn+SXTIOYRNKCOFKbSPzWZENPTqWj4GsnDjw+b8\nnu+eKCI3BNCQYNTJVUqB4+HIhlf00SH4Gnxxn2Mp6QfSwWpuai6nBAuY9LuEQwbR\n9Z1wwJb9Py6NGc9b0zvH903gJjzZ40wmk3eRXXd9QNnjmv9SuQ/P9cvPaicKLmAk\nAKVzSha8Zb1lr95a23LA04vLPw4lvBLtDNUPAiBImvnd3f8HMZCXVZ6ekO6zVPsC\nonFviIleTJa8QM+qL5b3BXqaNzwinkB39yquHoLfZJeKWfcHSEIwvghvaDEt6hvd\n+/6BPnYwDgHZm5VVRtuk8KueXIDwCxOjN2yHEXj0U8yIA89kgInAuRs0Gkw96dC0\n5BY9qN7Q3i+sQfq9uMohPfP9Eo6dVqdPwIvxHCkNXZ0CryT1kOh8yfYpzWzzDMtz\nyUaI4FNtDHdda0C/rLn0ZcaXUhI//eJqzGAZ11Nn8Bky00Co9fHZ2kRwtzrWEVS6\nOYrFyTVnrGPNEXfTUANhrvQCAqqpAQIDAQABAoICAB1xMbXkBWin84+3ZE2yMEvc\nDXLRIBoX0BgMngURVoz5PS2sJo2y4Ha8dhrzVzKP9KkZjBDDvDoozrEoH0sOTKr6\nI8GV8+NU7imgbsiImBLD2TXA3uaWREpAPNcr81byp00NHjlHAWfQqzaC598qooAt\n/e96pqUJ6xDFrbrfS9jX6nc79eq55k8m7/+xRo/ZT1AUvGD1HQprOmPqMBlpQy2z\nnU7TEPpn/E3pmpXcG3GhaqHd2IMQpQTqfyd2oi1QYdNbviBMqRIbmPleg53b5JYs\nAx6X/JbzXC3ukmAT40G2+lp69uyVkdx23OJrALRF9MqTudwKubTjPDqRVTupoqwR\n+jCHthoQ7G/jB5t8U5DIZR5uwIdIbK48XCq9s0u2o6xwPUZdths8KoTYRRObSAmw\n4DkfBsSErhh24hHhp/CT7nSJsAdQbRC0c4WnaYwX7q3LSB3dcfKYtk6h4CGjM5r1\nsCZnsje2fcKZfbKUMFRb0JV/UcPQo0oCZ7kpGRREuaUqRFdcv7vXBDz6mH9fciud\n5N5FIoJrMelq7/Ba5pABcHPPr+5Hp1ERXnHpdeoSObLAaEREQYUZHF76DebsaLEV\noUg7nbQnv/rgwrCHLYdvhLy6cJ0N3w59LETGDxIW6K+i37eCJgrGn1pcUUx7QVEV\nn/WdXMKb2ULDsTTQcWpVAoIBAQDP7rGv2o0NKrWnAPODcRJb0OZMWcySqwMR4jtn\nmr8muA+PyGLB0VZ1ETQy3+y5fEQEqL5kK8Ji1MCN9rZsdKz2G8fw1baWqSoMQeKb\nkWsbCLepFvCZjWQ03knqq9GMO70NUVSADAzLy4hVduXIj+Qt5cCdDLIFx8SMg3B0\n9alabEaffHh75e6ghR8vWpbNr35EPNLtKoBiaYw9scOWlKkIt6hB9bBxdO9JMeVA\n+ZNcUXoXQdCUtMTd+zCtFV9Y8TRYiRJzuj5yAaBJfqFUxNDBEQgIbHqqRl6tUKki\nhbiDOtBJ+27g0yPduKIfKbWa5k7KxHinjZO39ccQ7JgnQIdVAoIBAQDx0pKe5Rr5\nJHHwj35vlzxNm8kcqtEaz9snZggIMvQTEgqMEHkxK4cEun0rPIjquO6ORBQff47f\ntRGPmX/FSQiJcCZMMfTKAvhI0R8XK08Kq1b1S/F+FsEBqx9okbQwdAXl1s4d3zP3\nc3/hDoDTtgipVEnW5ZCkfp8KQiOVH+La9l8PMI0CZKcS1Expexw44u2essV5WrRK\n8ruPRp1LqiMbXNe7rTfc8yzbaCgLoyUREhApVRqRYqABp1BvVLN/iW2JRMsxvlfB\n2NPizjlRLemwX5QT+jOwNFf/45G6RaEkyLRSdPI7RCjiZivgqqxEpaTwRD1gHQ1A\nRpsRa5d+/UL9AoIBAQC4DeZU7hTq8cJHqKzkzYLdqSUhsl9F+IBIJURGKhFH2adU\ns6DPRVjNWUQmQFZPvbKLmT6mdqGjUAV95EOH7yNm2iJ6iQINjIH+xZcr82WmUWoZ\nD4g7s49eyOEPC7X59qsajcJJceElx+zPEebGSLBG/Fcp7SHrwe+2HWa+8PFObAd7\nhvczXM2EYzG+feZ8/Pm8t0ZRzsxD0H/l4GNr9/1EDSWv9SWQ2FwzIyp2ADUzg5+Z\n1JUn/HdCsuVcYE288g1OzU57CAHccpoKVD/ERE8whr3gjv1pmc6WhY6hU1KHPtk+\nk4SLF/poedVv1kC9c12NWKogTk7SiIkD7xmjrRfdAoIBAHFv/TWqdY+/5+8X8RC5\n2iDx3lKjUroIHV8K/uORu2siwG3Z4HAPYiP2s3bPy86H9+gmyWXJOaV5VAaP1B8g\n1m9ae6yslo8Y+411A+ejek2f+IfTGzKxy9JTisVL7EH6ezXJISFkLgV7WdaiLg6i\nSsfb8VNslwCDIWn3gqeWsJ1Ui10dwlgIDVPI4RtuE9wfn6YdaIM36HFsEk3wqyLu\nac+RKuYwKI9uR3GZF4f1/RJX7drlwDPJFxQPf6zqB9XhCtAkxEjOaG5Xn3W6laqe\nJgyFmXoRmaOjulAgWaEOvrv5ppUzpNnmbGNf2F9o0KzXI1tON5hZqHipZl6yoPuC\nJKUCggEAbAs1S61Z0+yTfXAk764yPGStOXNm+CVVGT0JtLssZgx6680NXOtrcgBo\n6vDNwltaHFYv4xQLxBALV4iXkzmMSVyZBU5MD1drBIFyTT1xUn4NKQPb0NneO1yN\naBYmLDloVUDQWmQFzbiFHLr8/jRGNK33BBFFg+sHxnoH2MJ1NzLLnhLb/CxotX4K\n1MFc3BEZB6kUU+ELz8o6+PZQpWWF8oC2LOGLgAd3KQBNE5lLPOlq8PFE6zrdTH/2\nZsKdzZNaANxca8CoieVSkIRJ4B0CD3sIY6/hrBVC0x9lfnhE0kicTHC0XIqb5UlJ\n2vM5u0T7ZATxoPFCVslJU/7P4kv4NA==\n-----END PRIVATE KEY-----\n",
            "public_key_fingerprint_md5": "30:bc:62:cf:4b:35:93:61:a1:d9:73:e5:f8:64:59:85",
            "public_key_fingerprint_sha256": "SHA256:TULGssANCJCnIs5kwniTDdyHtA9y2slsAIQ8J6Y5UN8",
            "public_key_openssh": "ssh-rsa AAAAB3NzaC1yc2EAAAADAQABAAACAQDEar4rf75z1HXo3wQWSyRLm2tNYOSSX3JxO68hOnk/vfg+u7lZbVsFhB99iGDwI/ELHPnJVd8mRoaOZWvligkQFIBwaYbEPBsJuqdkGNmuwhNxYSwwXtOaGImGi5Lpw8U6hULpOUAiPmz/aQW9zz9Wu03e9YVYBf8RG5cgLWn+SXTIOYRNKCOFKbSPzWZENPTqWj4GsnDjw+b8nu+eKCI3BNCQYNTJVUqB4+HIhlf00SH4Gnxxn2Mp6QfSwWpuai6nBAuY9LuEQwbR9Z1wwJb9Py6NGc9b0zvH903gJjzZ40wmk3eRXXd9QNnjmv9SuQ/P9cvPaicKLmAkAKVzSha8Zb1lr95a23LA04vLPw4lvBLtDNUPAiBImvnd3f8HMZCXVZ6ekO6zVPsConFviIleTJa8QM+qL5b3BXqaNzwinkB39yquHoLfZJeKWfcHSEIwvghvaDEt6hvd+/6BPnYwDgHZm5VVRtuk8KueXIDwCxOjN2yHEXj0U8yIA89kgInAuRs0Gkw96dC05BY9qN7Q3i+sQfq9uMohPfP9Eo6dVqdPwIvxHCkNXZ0CryT1kOh8yfYpzWzzDMtzyUaI4FNtDHdda0C/rLn0ZcaXUhI//eJqzGAZ11Nn8Bky00Co9fHZ2kRwtzrWEVS6OYrFyTVnrGPNEXfTUANhrvQCAqqpAQ==\n",
            "public_key_pem": "-----BEGIN PUBLIC KEY-----\nMIICIjANBgkqhkiG9w0BAQEFAAOCAg8AMIICCgKCAgEAxGq+K3++c9R16N8EFksk\nS5trTWDkkl9ycTuvITp5P734Pru5WW1bBYQffYhg8CPxCxz5yVXfJkaGjmVr5YoJ\nEBSAcGmGxDwbCbqnZBjZrsITcWEsMF7TmhiJhouS6cPFOoVC6TlAIj5s/2kFvc8/\nVrtN3vWFWAX/ERuXIC1p/kl0yDmETSgjhSm0j81mRDT06lo+BrJw48Pm/J7vnigi\nNwTQkGDUyVVKgePhyIZX9NEh+Bp8cZ9jKekH0sFqbmoupwQLmPS7hEMG0fWdcMCW\n/T8ujRnPW9M7x/dN4CY82eNMJpN3kV13fUDZ45r/UrkPz/XLz2onCi5gJAClc0oW\nvGW9Za/eWttywNOLyz8OJbwS7QzVDwIgSJr53d3/BzGQl1WenpDus1T7AqJxb4iJ\nXkyWvEDPqi+W9wV6mjc8Ip5Ad/cqrh6C32SXiln3B0hCML4Ib2gxLeob3fv+gT52\nMA4B2ZuVVUbbpPCrnlyA8AsTozdshxF49FPMiAPPZICJwLkbNBpMPenQtOQWPaje\n0N4vrEH6vbjKIT3z/RKOnVanT8CL8RwpDV2dAq8k9ZDofMn2Kc1s8wzLc8lGiOBT\nbQx3XWtAv6y59GXGl1ISP/3iasxgGddTZ/AZMtNAqPXx2dpEcLc61hFUujmKxck1\nZ6xjzRF301ADYa70AgKqqQECAwEAAQ==\n-----END PUBLIC KEY-----\n",
            "rsa_bits": 4096
          },
          "sensitive_attributes": [
            [
              {
                "type": "get_attr",
                "value": "private_key_openssh"
              }
            ],
            [
              {
                "type": "get_attr",
                "value": "private_key_pem"
              }
            ],
            [
              {
                "type": "get_attr",
                "value": "private_key_pem_pkcs8"
              }
            ]
          ],
          "identity_schema_version": 0
        }
      ]
    }
  ],
  "check_results": null
}
